// !$*UTF8*$!
{
	archiveVersion = 1;
	classes = {
	};
	objectVersion = 50;
	objects = {

/* Begin PBXBuildFile section */
		A4AA310025EF2E9B008BF783 /* AppDelegate.swift in Sources */ = {isa = PBXBuildFile; fileRef = A4AA30FF25EF2E9B008BF783 /* AppDelegate.swift */; };
		A4AA310225EF2E9B008BF783 /* SceneDelegate.swift in Sources */ = {isa = PBXBuildFile; fileRef = A4AA310125EF2E9B008BF783 /* SceneDelegate.swift */; };
		A4AA310425EF2E9B008BF783 /* ViewController.swift in Sources */ = {isa = PBXBuildFile; fileRef = A4AA310325EF2E9B008BF783 /* ViewController.swift */; };
		A4AA310725EF2E9B008BF783 /* Main.storyboard in Resources */ = {isa = PBXBuildFile; fileRef = A4AA310525EF2E9B008BF783 /* Main.storyboard */; };
		A4AA310925EF2E9E008BF783 /* Assets.xcassets in Resources */ = {isa = PBXBuildFile; fileRef = A4AA310825EF2E9E008BF783 /* Assets.xcassets */; };
		A4AA310C25EF2E9E008BF783 /* LaunchScreen.storyboard in Resources */ = {isa = PBXBuildFile; fileRef = A4AA310A25EF2E9E008BF783 /* LaunchScreen.storyboard */; };
		A4AA311725EF2E9E008BF783 /* Task6Tests.swift in Sources */ = {isa = PBXBuildFile; fileRef = A4AA311625EF2E9E008BF783 /* Task6Tests.swift */; };
		A4AA312225EF2E9F008BF783 /* Task6UITests.swift in Sources */ = {isa = PBXBuildFile; fileRef = A4AA312125EF2E9F008BF783 /* Task6UITests.swift */; };
/* End PBXBuildFile section */

/* Begin PBXContainerItemProxy section */
		A4AA311325EF2E9E008BF783 /* PBXContainerItemProxy */ = {
			isa = PBXContainerItemProxy;
			containerPortal = A4AA30F425EF2E9B008BF783 /* Project object */;
			proxyType = 1;
			remoteGlobalIDString = A4AA30FB25EF2E9B008BF783;
			remoteInfo = Task6;
		};
		A4AA311E25EF2E9F008BF783 /* PBXContainerItemProxy */ = {
			isa = PBXContainerItemProxy;
			containerPortal = A4AA30F425EF2E9B008BF783 /* Project object */;
			proxyType = 1;
			remoteGlobalIDString = A4AA30FB25EF2E9B008BF783;
			remoteInfo = Task6;
		};
/* End PBXContainerItemProxy section */

/* Begin PBXFileReference section */
		A4AA30FC25EF2E9B008BF783 /* Task6.app */ = {isa = PBXFileReference; explicitFileType = wrapper.application; includeInIndex = 0; path = Task6.app; sourceTree = BUILT_PRODUCTS_DIR; };
		A4AA30FF25EF2E9B008BF783 /* AppDelegate.swift */ = {isa = PBXFileReference; lastKnownFileType = sourcecode.swift; path = AppDelegate.swift; sourceTree = "<group>"; };
		A4AA310125EF2E9B008BF783 /* SceneDelegate.swift */ = {isa = PBXFileReference; lastKnownFileType = sourcecode.swift; path = SceneDelegate.swift; sourceTree = "<group>"; };
		A4AA310325EF2E9B008BF783 /* ViewController.swift */ = {isa = PBXFileReference; lastKnownFileType = sourcecode.swift; path = ViewController.swift; sourceTree = "<group>"; };
		A4AA310625EF2E9B008BF783 /* Base */ = {isa = PBXFileReference; lastKnownFileType = file.storyboard; name = Base; path = Base.lproj/Main.storyboard; sourceTree = "<group>"; };
		A4AA310825EF2E9E008BF783 /* Assets.xcassets */ = {isa = PBXFileReference; lastKnownFileType = folder.assetcatalog; path = Assets.xcassets; sourceTree = "<group>"; };
		A4AA310B25EF2E9E008BF783 /* Base */ = {isa = PBXFileReference; lastKnownFileType = file.storyboard; name = Base; path = Base.lproj/LaunchScreen.storyboard; sourceTree = "<group>"; };
		A4AA310D25EF2E9E008BF783 /* Info.plist */ = {isa = PBXFileReference; lastKnownFileType = text.plist.xml; path = Info.plist; sourceTree = "<group>"; };
		A4AA311225EF2E9E008BF783 /* Task6Tests.xctest */ = {isa = PBXFileReference; explicitFileType = wrapper.cfbundle; includeInIndex = 0; path = Task6Tests.xctest; sourceTree = BUILT_PRODUCTS_DIR; };
		A4AA311625EF2E9E008BF783 /* Task6Tests.swift */ = {isa = PBXFileReference; lastKnownFileType = sourcecode.swift; path = Task6Tests.swift; sourceTree = "<group>"; };
		A4AA311825EF2E9E008BF783 /* Info.plist */ = {isa = PBXFileReference; lastKnownFileType = text.plist.xml; path = Info.plist; sourceTree = "<group>"; };
		A4AA311D25EF2E9F008BF783 /* Task6UITests.xctest */ = {isa = PBXFileReference; explicitFileType = wrapper.cfbundle; includeInIndex = 0; path = Task6UITests.xctest; sourceTree = BUILT_PRODUCTS_DIR; };
		A4AA312125EF2E9F008BF783 /* Task6UITests.swift */ = {isa = PBXFileReference; lastKnownFileType = sourcecode.swift; path = Task6UITests.swift; sourceTree = "<group>"; };
		A4AA312325EF2E9F008BF783 /* Info.plist */ = {isa = PBXFileReference; lastKnownFileType = text.plist.xml; path = Info.plist; sourceTree = "<group>"; };
/* End PBXFileReference section */

/* Begin PBXFrameworksBuildPhase section */
		A4AA30F925EF2E9B008BF783 /* Frameworks */ = {
			isa = PBXFrameworksBuildPhase;
			buildActionMask = 2147483647;
			files = (
			);
			runOnlyForDeploymentPostprocessing = 0;
		};
		A4AA310F25EF2E9E008BF783 /* Frameworks */ = {
			isa = PBXFrameworksBuildPhase;
			buildActionMask = 2147483647;
			files = (
			);
			runOnlyForDeploymentPostprocessing = 0;
		};
		A4AA311A25EF2E9F008BF783 /* Frameworks */ = {
			isa = PBXFrameworksBuildPhase;
			buildActionMask = 2147483647;
			files = (
			);
			runOnlyForDeploymentPostprocessing = 0;
		};
/* End PBXFrameworksBuildPhase section */

/* Begin PBXGroup section */
		A4AA30F325EF2E9B008BF783 = {
			isa = PBXGroup;
			children = (
				A4AA30FE25EF2E9B008BF783 /* Task6 */,
				A4AA311525EF2E9E008BF783 /* Task6Tests */,
				A4AA312025EF2E9F008BF783 /* Task6UITests */,
				A4AA30FD25EF2E9B008BF783 /* Products */,
			);
			sourceTree = "<group>";
		};
		A4AA30FD25EF2E9B008BF783 /* Products */ = {
			isa = PBXGroup;
			children = (
				A4AA30FC25EF2E9B008BF783 /* Task6.app */,
				A4AA311225EF2E9E008BF783 /* Task6Tests.xctest */,
				A4AA311D25EF2E9F008BF783 /* Task6UITests.xctest */,
			);
			name = Products;
			sourceTree = "<group>";
		};
		A4AA30FE25EF2E9B008BF783 /* Task6 */ = {
			isa = PBXGroup;
			children = (
				A4AA30FF25EF2E9B008BF783 /* AppDelegate.swift */,
				A4AA310125EF2E9B008BF783 /* SceneDelegate.swift */,
				A4AA310325EF2E9B008BF783 /* ViewController.swift */,
				A4AA310525EF2E9B008BF783 /* Main.storyboard */,
				A4AA310825EF2E9E008BF783 /* Assets.xcassets */,
				A4AA310A25EF2E9E008BF783 /* LaunchScreen.storyboard */,
				A4AA310D25EF2E9E008BF783 /* Info.plist */,
			);
			path = Task6;
			sourceTree = "<group>";
		};
		A4AA311525EF2E9E008BF783 /* Task6Tests */ = {
			isa = PBXGroup;
			children = (
				A4AA311625EF2E9E008BF783 /* Task6Tests.swift */,
				A4AA311825EF2E9E008BF783 /* Info.plist */,
			);
			path = Task6Tests;
			sourceTree = "<group>";
		};
		A4AA312025EF2E9F008BF783 /* Task6UITests */ = {
			isa = PBXGroup;
			children = (
				A4AA312125EF2E9F008BF783 /* Task6UITests.swift */,
				A4AA312325EF2E9F008BF783 /* Info.plist */,
			);
			path = Task6UITests;
			sourceTree = "<group>";
		};
/* End PBXGroup section */

/* Begin PBXNativeTarget section */
		A4AA30FB25EF2E9B008BF783 /* Task6 */ = {
			isa = PBXNativeTarget;
			buildConfigurationList = A4AA312625EF2E9F008BF783 /* Build configuration list for PBXNativeTarget "Task6" */;
			buildPhases = (
				A4AA30F825EF2E9B008BF783 /* Sources */,
				A4AA30F925EF2E9B008BF783 /* Frameworks */,
				A4AA30FA25EF2E9B008BF783 /* Resources */,
			);
			buildRules = (
			);
			dependencies = (
			);
			name = Task6;
			productName = Task6;
			productReference = A4AA30FC25EF2E9B008BF783 /* Task6.app */;
			productType = "com.apple.product-type.application";
		};
		A4AA311125EF2E9E008BF783 /* Task6Tests */ = {
			isa = PBXNativeTarget;
			buildConfigurationList = A4AA312925EF2E9F008BF783 /* Build configuration list for PBXNativeTarget "Task6Tests" */;
			buildPhases = (
				A4AA310E25EF2E9E008BF783 /* Sources */,
				A4AA310F25EF2E9E008BF783 /* Frameworks */,
				A4AA311025EF2E9E008BF783 /* Resources */,
			);
			buildRules = (
			);
			dependencies = (
				A4AA311425EF2E9E008BF783 /* PBXTargetDependency */,
			);
			name = Task6Tests;
			productName = Task6Tests;
			productReference = A4AA311225EF2E9E008BF783 /* Task6Tests.xctest */;
			productType = "com.apple.product-type.bundle.unit-test";
		};
		A4AA311C25EF2E9F008BF783 /* Task6UITests */ = {
			isa = PBXNativeTarget;
			buildConfigurationList = A4AA312C25EF2E9F008BF783 /* Build configuration list for PBXNativeTarget "Task6UITests" */;
			buildPhases = (
				A4AA311925EF2E9F008BF783 /* Sources */,
				A4AA311A25EF2E9F008BF783 /* Frameworks */,
				A4AA311B25EF2E9F008BF783 /* Resources */,
			);
			buildRules = (
			);
			dependencies = (
				A4AA311F25EF2E9F008BF783 /* PBXTargetDependency */,
			);
			name = Task6UITests;
			productName = Task6UITests;
			productReference = A4AA311D25EF2E9F008BF783 /* Task6UITests.xctest */;
			productType = "com.apple.product-type.bundle.ui-testing";
		};
/* End PBXNativeTarget section */

/* Begin PBXProject section */
		A4AA30F425EF2E9B008BF783 /* Project object */ = {
			isa = PBXProject;
			attributes = {
				LastSwiftUpdateCheck = 1240;
				LastUpgradeCheck = 1240;
				TargetAttributes = {
					A4AA30FB25EF2E9B008BF783 = {
						CreatedOnToolsVersion = 12.4;
					};
					A4AA311125EF2E9E008BF783 = {
						CreatedOnToolsVersion = 12.4;
						TestTargetID = A4AA30FB25EF2E9B008BF783;
					};
					A4AA311C25EF2E9F008BF783 = {
						CreatedOnToolsVersion = 12.4;
						TestTargetID = A4AA30FB25EF2E9B008BF783;
					};
				};
			};
			buildConfigurationList = A4AA30F725EF2E9B008BF783 /* Build configuration list for PBXProject "Task6" */;
			compatibilityVersion = "Xcode 9.3";
			developmentRegion = en;
			hasScannedForEncodings = 0;
			knownRegions = (
				en,
				Base,
			);
			mainGroup = A4AA30F325EF2E9B008BF783;
			productRefGroup = A4AA30FD25EF2E9B008BF783 /* Products */;
			projectDirPath = "";
			projectRoot = "";
			targets = (
				A4AA30FB25EF2E9B008BF783 /* Task6 */,
				A4AA311125EF2E9E008BF783 /* Task6Tests */,
				A4AA311C25EF2E9F008BF783 /* Task6UITests */,
			);
		};
/* End PBXProject section */

/* Begin PBXResourcesBuildPhase section */
		A4AA30FA25EF2E9B008BF783 /* Resources */ = {
			isa = PBXResourcesBuildPhase;
			buildActionMask = 2147483647;
			files = (
				A4AA310C25EF2E9E008BF783 /* LaunchScreen.storyboard in Resources */,
				A4AA310925EF2E9E008BF783 /* Assets.xcassets in Resources */,
				A4AA310725EF2E9B008BF783 /* Main.storyboard in Resources */,
			);
			runOnlyForDeploymentPostprocessing = 0;
		};
		A4AA311025EF2E9E008BF783 /* Resources */ = {
			isa = PBXResourcesBuildPhase;
			buildActionMask = 2147483647;
			files = (
			);
			runOnlyForDeploymentPostprocessing = 0;
		};
		A4AA311B25EF2E9F008BF783 /* Resources */ = {
			isa = PBXResourcesBuildPhase;
			buildActionMask = 2147483647;
			files = (
			);
			runOnlyForDeploymentPostprocessing = 0;
		};
/* End PBXResourcesBuildPhase section */

/* Begin PBXSourcesBuildPhase section */
		A4AA30F825EF2E9B008BF783 /* Sources */ = {
			isa = PBXSourcesBuildPhase;
			buildActionMask = 2147483647;
			files = (
				A4AA310425EF2E9B008BF783 /* ViewController.swift in Sources */,
				A4AA310025EF2E9B008BF783 /* AppDelegate.swift in Sources */,
				A4AA310225EF2E9B008BF783 /* SceneDelegate.swift in Sources */,
			);
			runOnlyForDeploymentPostprocessing = 0;
		};
		A4AA310E25EF2E9E008BF783 /* Sources */ = {
			isa = PBXSourcesBuildPhase;
			buildActionMask = 2147483647;
			files = (
				A4AA311725EF2E9E008BF783 /* Task6Tests.swift in Sources */,
			);
			runOnlyForDeploymentPostprocessing = 0;
		};
		A4AA311925EF2E9F008BF783 /* Sources */ = {
			isa = PBXSourcesBuildPhase;
			buildActionMask = 2147483647;
			files = (
				A4AA312225EF2E9F008BF783 /* Task6UITests.swift in Sources */,
			);
			runOnlyForDeploymentPostprocessing = 0;
		};
/* End PBXSourcesBuildPhase section */

/* Begin PBXTargetDependency section */
		A4AA311425EF2E9E008BF783 /* PBXTargetDependency */ = {
			isa = PBXTargetDependency;
			target = A4AA30FB25EF2E9B008BF783 /* Task6 */;
			targetProxy = A4AA311325EF2E9E008BF783 /* PBXContainerItemProxy */;
		};
		A4AA311F25EF2E9F008BF783 /* PBXTargetDependency */ = {
			isa = PBXTargetDependency;
			target = A4AA30FB25EF2E9B008BF783 /* Task6 */;
			targetProxy = A4AA311E25EF2E9F008BF783 /* PBXContainerItemProxy */;
		};
/* End PBXTargetDependency section */

/* Begin PBXVariantGroup section */
		A4AA310525EF2E9B008BF783 /* Main.storyboard */ = {
			isa = PBXVariantGroup;
			children = (
				A4AA310625EF2E9B008BF783 /* Base */,
			);
			name = Main.storyboard;
			sourceTree = "<group>";
		};
		A4AA310A25EF2E9E008BF783 /* LaunchScreen.storyboard */ = {
			isa = PBXVariantGroup;
			children = (
				A4AA310B25EF2E9E008BF783 /* Base */,
			);
			name = LaunchScreen.storyboard;
			sourceTree = "<group>";
		};
/* End PBXVariantGroup section */

/* Begin XCBuildConfiguration section */
		A4AA312425EF2E9F008BF783 /* Debug */ = {
			isa = XCBuildConfiguration;
			buildSettings = {
				ALWAYS_SEARCH_USER_PATHS = NO;
				CLANG_ANALYZER_NONNULL = YES;
				CLANG_ANALYZER_NUMBER_OBJECT_CONVERSION = YES_AGGRESSIVE;
				CLANG_CXX_LANGUAGE_STANDARD = "gnu++14";
				CLANG_CXX_LIBRARY = "libc++";
				CLANG_ENABLE_MODULES = YES;
				CLANG_ENABLE_OBJC_ARC = YES;
				CLANG_ENABLE_OBJC_WEAK = YES;
				CLANG_WARN_BLOCK_CAPTURE_AUTORELEASING = YES;
				CLANG_WARN_BOOL_CONVERSION = YES;
				CLANG_WARN_COMMA = YES;
				CLANG_WARN_CONSTANT_CONVERSION = YES;
				CLANG_WARN_DEPRECATED_OBJC_IMPLEMENTATIONS = YES;
				CLANG_WARN_DIRECT_OBJC_ISA_USAGE = YES_ERROR;
				CLANG_WARN_DOCUMENTATION_COMMENTS = YES;
				CLANG_WARN_EMPTY_BODY = YES;
				CLANG_WARN_ENUM_CONVERSION = YES;
				CLANG_WARN_INFINITE_RECURSION = YES;
				CLANG_WARN_INT_CONVERSION = YES;
				CLANG_WARN_NON_LITERAL_NULL_CONVERSION = YES;
				CLANG_WARN_OBJC_IMPLICIT_RETAIN_SELF = YES;
				CLANG_WARN_OBJC_LITERAL_CONVERSION = YES;
				CLANG_WARN_OBJC_ROOT_CLASS = YES_ERROR;
				CLANG_WARN_QUOTED_INCLUDE_IN_FRAMEWORK_HEADER = YES;
				CLANG_WARN_RANGE_LOOP_ANALYSIS = YES;
				CLANG_WARN_STRICT_PROTOTYPES = YES;
				CLANG_WARN_SUSPICIOUS_MOVE = YES;
				CLANG_WARN_UNGUARDED_AVAILABILITY = YES_AGGRESSIVE;
				CLANG_WARN_UNREACHABLE_CODE = YES;
				CLANG_WARN__DUPLICATE_METHOD_MATCH = YES;
				COPY_PHASE_STRIP = NO;
				DEBUG_INFORMATION_FORMAT = dwarf;
				ENABLE_STRICT_OBJC_MSGSEND = YES;
				ENABLE_TESTABILITY = YES;
				GCC_C_LANGUAGE_STANDARD = gnu11;
				GCC_DYNAMIC_NO_PIC = NO;
				GCC_NO_COMMON_BLOCKS = YES;
				GCC_OPTIMIZATION_LEVEL = 0;
				GCC_PREPROCESSOR_DEFINITIONS = (
					"DEBUG=1",
					"$(inherited)",
				);
				GCC_WARN_64_TO_32_BIT_CONVERSION = YES;
				GCC_WARN_ABOUT_RETURN_TYPE = YES_ERROR;
				GCC_WARN_UNDECLARED_SELECTOR = YES;
				GCC_WARN_UNINITIALIZED_AUTOS = YES_AGGRESSIVE;
				GCC_WARN_UNUSED_FUNCTION = YES;
				GCC_WARN_UNUSED_VARIABLE = YES;
				IPHONEOS_DEPLOYMENT_TARGET = 14.4;
				MTL_ENABLE_DEBUG_INFO = INCLUDE_SOURCE;
				MTL_FAST_MATH = YES;
				ONLY_ACTIVE_ARCH = YES;
				SDKROOT = iphoneos;
				SWIFT_ACTIVE_COMPILATION_CONDITIONS = DEBUG;
				SWIFT_OPTIMIZATION_LEVEL = "-Onone";
			};
			name = Debug;
		};
		A4AA312525EF2E9F008BF783 /* Release */ = {
			isa = XCBuildConfiguration;
			buildSettings = {
				ALWAYS_SEARCH_USER_PATHS = NO;
				CLANG_ANALYZER_NONNULL = YES;
				CLANG_ANALYZER_NUMBER_OBJECT_CONVERSION = YES_AGGRESSIVE;
				CLANG_CXX_LANGUAGE_STANDARD = "gnu++14";
				CLANG_CXX_LIBRARY = "libc++";
				CLANG_ENABLE_MODULES = YES;
				CLANG_ENABLE_OBJC_ARC = YES;
				CLANG_ENABLE_OBJC_WEAK = YES;
				CLANG_WARN_BLOCK_CAPTURE_AUTORELEASING = YES;
				CLANG_WARN_BOOL_CONVERSION = YES;
				CLANG_WARN_COMMA = YES;
				CLANG_WARN_CONSTANT_CONVERSION = YES;
				CLANG_WARN_DEPRECATED_OBJC_IMPLEMENTATIONS = YES;
				CLANG_WARN_DIRECT_OBJC_ISA_USAGE = YES_ERROR;
				CLANG_WARN_DOCUMENTATION_COMMENTS = YES;
				CLANG_WARN_EMPTY_BODY = YES;
				CLANG_WARN_ENUM_CONVERSION = YES;
				CLANG_WARN_INFINITE_RECURSION = YES;
				CLANG_WARN_INT_CONVERSION = YES;
				CLANG_WARN_NON_LITERAL_NULL_CONVERSION = YES;
				CLANG_WARN_OBJC_IMPLICIT_RETAIN_SELF = YES;
				CLANG_WARN_OBJC_LITERAL_CONVERSION = YES;
				CLANG_WARN_OBJC_ROOT_CLASS = YES_ERROR;
				CLANG_WARN_QUOTED_INCLUDE_IN_FRAMEWORK_HEADER = YES;
				CLANG_WARN_RANGE_LOOP_ANALYSIS = YES;
				CLANG_WARN_STRICT_PROTOTYPES = YES;
				CLANG_WARN_SUSPICIOUS_MOVE = YES;
				CLANG_WARN_UNGUARDED_AVAILABILITY = YES_AGGRESSIVE;
				CLANG_WARN_UNREACHABLE_CODE = YES;
				CLANG_WARN__DUPLICATE_METHOD_MATCH = YES;
				COPY_PHASE_STRIP = NO;
				DEBUG_INFORMATION_FORMAT = "dwarf-with-dsym";
				ENABLE_NS_ASSERTIONS = NO;
				ENABLE_STRICT_OBJC_MSGSEND = YES;
				GCC_C_LANGUAGE_STANDARD = gnu11;
				GCC_NO_COMMON_BLOCKS = YES;
				GCC_WARN_64_TO_32_BIT_CONVERSION = YES;
				GCC_WARN_ABOUT_RETURN_TYPE = YES_ERROR;
				GCC_WARN_UNDECLARED_SELECTOR = YES;
				GCC_WARN_UNINITIALIZED_AUTOS = YES_AGGRESSIVE;
				GCC_WARN_UNUSED_FUNCTION = YES;
				GCC_WARN_UNUSED_VARIABLE = YES;
				IPHONEOS_DEPLOYMENT_TARGET = 14.4;
				MTL_ENABLE_DEBUG_INFO = NO;
				MTL_FAST_MATH = YES;
				SDKROOT = iphoneos;
				SWIFT_COMPILATION_MODE = wholemodule;
				SWIFT_OPTIMIZATION_LEVEL = "-O";
				VALIDATE_PRODUCT = YES;
			};
			name = Release;
		};
		A4AA312725EF2E9F008BF783 /* Debug */ = {
			isa = XCBuildConfiguration;
			buildSettings = {
				ASSETCATALOG_COMPILER_APPICON_NAME = AppIcon;
				ASSETCATALOG_COMPILER_GLOBAL_ACCENT_COLOR_NAME = AccentColor;
				CODE_SIGN_STYLE = Automatic;
				DEVELOPMENT_TEAM = 8HSC6WJMH6;
				INFOPLIST_FILE = Task6/Info.plist;
				LD_RUNPATH_SEARCH_PATHS = (
					"$(inherited)",
					"@executable_path/Frameworks",
				);
				PRODUCT_BUNDLE_IDENTIFIER = jp.techacademy.kazuma.miura2.Task6;
				PRODUCT_NAME = "$(TARGET_NAME)";
				SWIFT_VERSION = 5.0;
				TARGETED_DEVICE_FAMILY = "1,2";
			};
			name = Debug;
		};
		A4AA312825EF2E9F008BF783 /* Release */ = {
			isa = XCBuildConfiguration;
			buildSettings = {
				ASSETCATALOG_COMPILER_APPICON_NAME = AppIcon;
				ASSETCATALOG_COMPILER_GLOBAL_ACCENT_COLOR_NAME = AccentColor;
				CODE_SIGN_STYLE = Automatic;
				DEVELOPMENT_TEAM = 8HSC6WJMH6;
				INFOPLIST_FILE = Task6/Info.plist;
				LD_RUNPATH_SEARCH_PATHS = (
					"$(inherited)",
					"@executable_path/Frameworks",
				);
				PRODUCT_BUNDLE_IDENTIFIER = jp.techacademy.kazuma.miura2.Task6;
				PRODUCT_NAME = "$(TARGET_NAME)";
				SWIFT_VERSION = 5.0;
				TARGETED_DEVICE_FAMILY = "1,2";
			};
			name = Release;
		};
		A4AA312A25EF2E9F008BF783 /* Debug */ = {
			isa = XCBuildConfiguration;
			buildSettings = {
				ALWAYS_EMBED_SWIFT_STANDARD_LIBRARIES = YES;
				BUNDLE_LOADER = "$(TEST_HOST)";
				CODE_SIGN_STYLE = Automatic;
				DEVELOPMENT_TEAM = 8HSC6WJMH6;
				INFOPLIST_FILE = Task6Tests/Info.plist;
				IPHONEOS_DEPLOYMENT_TARGET = 14.4;
				LD_RUNPATH_SEARCH_PATHS = (
					"$(inherited)",
					"@executable_path/Frameworks",
					"@loader_path/Frameworks",
				);
				PRODUCT_BUNDLE_IDENTIFIER = jp.techacademy.kazuma.miura2.Task6Tests;
				PRODUCT_NAME = "$(TARGET_NAME)";
				SWIFT_VERSION = 5.0;
				TARGETED_DEVICE_FAMILY = "1,2";
				TEST_HOST = "$(BUILT_PRODUCTS_DIR)/Task6.app/Task6";
			};
			name = Debug;
		};
		A4AA312B25EF2E9F008BF783 /* Release */ = {
			isa = XCBuildConfiguration;
			buildSettings = {
				ALWAYS_EMBED_SWIFT_STANDARD_LIBRARIES = YES;
				BUNDLE_LOADER = "$(TEST_HOST)";
				CODE_SIGN_STYLE = Automatic;
				DEVELOPMENT_TEAM = 8HSC6WJMH6;
				INFOPLIST_FILE = Task6Tests/Info.plist;
				IPHONEOS_DEPLOYMENT_TARGET = 14.4;
				LD_RUNPATH_SEARCH_PATHS = (
					"$(inherited)",
					"@executable_path/Frameworks",
					"@loader_path/Frameworks",
				);
				PRODUCT_BUNDLE_IDENTIFIER = jp.techacademy.kazuma.miura2.Task6Tests;
				PRODUCT_NAME = "$(TARGET_NAME)";
				SWIFT_VERSION = 5.0;
				TARGETED_DEVICE_FAMILY = "1,2";
				TEST_HOST = "$(BUILT_PRODUCTS_DIR)/Task6.app/Task6";
			};
			name = Release;
		};
		A4AA312D25EF2E9F008BF783 /* Debug */ = {
			isa = XCBuildConfiguration;
			buildSettings = {
				ALWAYS_EMBED_SWIFT_STANDARD_LIBRARIES = YES;
				CODE_SIGN_STYLE = Automatic;
				DEVELOPMENT_TEAM = 8HSC6WJMH6;
				INFOPLIST_FILE = Task6UITests/Info.plist;
				LD_RUNPATH_SEARCH_PATHS = (
					"$(inherited)",
					"@executable_path/Frameworks",
					"@loader_path/Frameworks",
				);
				PRODUCT_BUNDLE_IDENTIFIER = jp.techacademy.kazuma.miura2.Task6UITests;
				PRODUCT_NAME = "$(TARGET_NAME)";
				SWIFT_VERSION = 5.0;
				TARGETED_DEVICE_FAMILY = "1,2";
				TEST_TARGET_NAME = Task6;
			};
			name = Debug;
		};
		A4AA312E25EF2E9F008BF783 /* Release */ = {
			isa = XCBuildConfiguration;
			buildSettings = {
				ALWAYS_EMBED_SWIFT_STANDARD_LIBRARIES = YES;
				CODE_SIGN_STYLE = Automatic;
				DEVELOPMENT_TEAM = 8HSC6WJMH6;
				INFOPLIST_FILE = Task6UITests/Info.plist;
				LD_RUNPATH_SEARCH_PATHS = (
					"$(inherited)",
					"@executable_path/Frameworks",
					"@loader_path/Frameworks",
				);
				PRODUCT_BUNDLE_IDENTIFIER = jp.techacademy.kazuma.miura2.Task6UITests;
				PRODUCT_NAME = "$(TARGET_NAME)";
				SWIFT_VERSION = 5.0;
				TARGETED_DEVICE_FAMILY = "1,2";
				TEST_TARGET_NAME = Task6;
			};
			name = Release;
		};
/* End XCBuildConfiguration section */

/* Begin XCConfigurationList section */
		A4AA30F725EF2E9B008BF783 /* Build configuration list for PBXProject "Task6" */ = {
			isa = XCConfigurationList;
			buildConfigurations = (
				A4AA312425EF2E9F008BF783 /* Debug */,
				A4AA312525EF2E9F008BF783 /* Release */,
			);
			defaultConfigurationIsVisible = 0;
			defaultConfigurationName = Release;
		};
		A4AA312625EF2E9F008BF783 /* Build configuration list for PBXNativeTarget "Task6" */ = {
			isa = XCConfigurationList;
			buildConfigurations = (
				A4AA312725EF2E9F008BF783 /* Debug */,
				A4AA312825EF2E9F008BF783 /* Release */,
			);
			defaultConfigurationIsVisible = 0;
			defaultConfigurationName = Release;
		};
		A4AA312925EF2E9F008BF783 /* Build configuration list for PBXNativeTarget "Task6Tests" */ = {
			isa = XCConfigurationList;
			buildConfigurations = (
				A4AA312A25EF2E9F008BF783 /* Debug */,
				A4AA312B25EF2E9F008BF783 /* Release */,
			);
			defaultConfigurationIsVisible = 0;
			defaultConfigurationName = Release;
		};
		A4AA312C25EF2E9F008BF783 /* Build configuration list for PBXNativeTarget "Task6UITests" */ = {
			isa = XCConfigurationList;
			buildConfigurations = (
				A4AA312D25EF2E9F008BF783 /* Debug */,
				A4AA312E25EF2E9F008BF783 /* Release */,
			);
			defaultConfigurationIsVisible = 0;
			defaultConfigurationName = Release;
		};
/* End XCConfigurationList section */
	};
	rootObject = A4AA30F425EF2E9B008BF783 /* Project object */;
}
